
Microsoft Visual Studio Solution File, Format Version 11.00
# Visual Studio 2010
Project("{FAE04EC0-301F-11D3-BF4B-00C04F79EFBC}") = "demo2", "demo2\demo2.csproj", "{51AAD441-B778-45A7-9F66-C576B8BA472C}"
EndProject
Global
	GlobalSection(SolutionConfigurationPlatforms) = preSolution
		Debug|x86 = Debug|x86
		Release|x86 = Release|x86
	EndGlobalSection
	GlobalSection(ProjectConfigurationPlatforms) = postSolution
		{51AAD441-B778-45A7-9F66-C576B8BA472C}.Debug|x86.ActiveCfg = Debug|x86
		{51AAD441-B778-45A7-9F66-C576B8BA472C}.Debug|x86.Build.0 = Debug|x86
		{51AAD441-B778-45A7-9F66-C576B8BA472C}.Release|x86.ActiveCfg = Release|x86
		{51AAD441-B778-45A7-9F66-C576B8BA472C}.Release|x86.Build.0 = Release|x86
	EndGlobalSection
	GlobalSection(SolutionProperties) = preSolution
		HideSolutionNode = FALSE
	EndGlobalSection
EndGlobal
